
Microsoft Visual Studio Solution File, Format Version 11.00
# Visual Studio 2010
Project("{FAE04EC0-301F-11D3-BF4B-00C04F79EFBC}") = "Script.Support", "Script.Support\Script.Support.csproj", "{7F77A364-B2A4-4586-86B5-9A998676B854}"
EndProject
Global
	GlobalSection(SolutionConfigurationPlatforms) = preSolution
		Debug|Any CPU = Debug|Any CPU
		Release|Any CPU = Release|Any CPU
	EndGlobalSection
	GlobalSection(ProjectConfigurationPlatforms) = postSolution
		{7F77A364-B2A4-4586-86B5-9A998676B854}.Debug|Any CPU.ActiveCfg = Debug|Any CPU
		{7F77A364-B2A4-4586-86B5-9A998676B854}.Debug|Any CPU.Build.0 = Debug|Any CPU
		{7F77A364-B2A4-4586-86B5-9A998676B854}.Release|Any CPU.ActiveCfg = Release|Any CPU
		{7F77A364-B2A4-4586-86B5-9A998676B854}.Release|Any CPU.Build.0 = Release|Any CPU
	EndGlobalSection
	GlobalSection(SolutionProperties) = preSolution
		HideSolutionNode = FALSE
	EndGlobalSection
EndGlobal
