
Microsoft Visual Studio Solution File, Format Version 11.00
# Visual Studio 2010
Project("{FAE04EC0-301F-11D3-BF4B-00C04F79EFBC}") = "VM.GlobalScript.Support", "VM.GlobalScript.Support\VM.GlobalScript.Support.csproj", "{77E0E54D-5509-4687-84DD-673B8A5C6BBA}"
EndProject
Global
	GlobalSection(SolutionConfigurationPlatforms) = preSolution
		Debug|Any CPU = Debug|Any CPU
		Release|Any CPU = Release|Any CPU
	EndGlobalSection
	GlobalSection(ProjectConfigurationPlatforms) = postSolution
		{77E0E54D-5509-4687-84DD-673B8A5C6BBA}.Debug|Any CPU.ActiveCfg = Debug|Any CPU
		{77E0E54D-5509-4687-84DD-673B8A5C6BBA}.Debug|Any CPU.Build.0 = Debug|Any CPU
		{77E0E54D-5509-4687-84DD-673B8A5C6BBA}.Release|Any CPU.ActiveCfg = Release|Any CPU
		{77E0E54D-5509-4687-84DD-673B8A5C6BBA}.Release|Any CPU.Build.0 = Release|Any CPU
	EndGlobalSection
	GlobalSection(SolutionProperties) = preSolution
		HideSolutionNode = FALSE
	EndGlobalSection
EndGlobal
